
Microsoft Visual Studio Solution File, Format Version 12.00
# Visual Studio 15
VisualStudioVersion = 15.0.27703.2000
MinimumVisualStudioVersion = 10.0.40219.1
Project("{2150E333-8FDC-42A3-9474-1A3956D46DE8}") = "src", "src", "{A0803F51-FC43-4216-B067-41B516965BA0}"
EndProject
Project("{2150E333-8FDC-42A3-9474-1A3956D46DE8}") = "tests", "tests", "{8AB8257F-2CB1-4F78-9980-8E5A0F017F84}"
EndProject
Project("{FAE04EC0-301F-11D3-BF4B-00C04F79EFBC}") = "Ulid", "src\Ulid\Ulid.csproj", "{E44C0355-5194-49EF-A54E-4EAC9A385622}"
EndProject
Project("{FAE04EC0-301F-11D3-BF4B-00C04F79EFBC}") = "TryUlid", "sandbox\TryUlid\TryUlid.csproj", "{9ED5BA79-E7F1-4247-9956-F3908F2F87A2}"
EndProject
Project("{2150E333-8FDC-42A3-9474-1A3956D46DE8}") = "sandbox", "sandbox", "{F1B5C8EA-DCBF-4A5F-819A-5E394F279AF9}"
EndProject
Project("{FAE04EC0-301F-11D3-BF4B-00C04F79EFBC}") = "PerfBenchmark", "benchmark\PerfBenchmark\PerfBenchmark.csproj", "{3E24E35E-05A1-4A29-8DA3-EC3E9A636D75}"
EndProject
Global
	GlobalSection(SolutionConfigurationPlatforms) = preSolution
		Debug|Any CPU = Debug|Any CPU
		Release|Any CPU = Release|Any CPU
	EndGlobalSection
	GlobalSection(ProjectConfigurationPlatforms) = postSolution
		{E44C0355-5194-49EF-A54E-4EAC9A385622}.Debug|Any CPU.ActiveCfg = Debug|Any CPU
		{E44C0355-5194-49EF-A54E-4EAC9A385622}.Debug|Any CPU.Build.0 = Debug|Any CPU
		{E44C0355-5194-49EF-A54E-4EAC9A385622}.Release|Any CPU.ActiveCfg = Release|Any CPU
		{E44C0355-5194-49EF-A54E-4EAC9A385622}.Release|Any CPU.Build.0 = Release|Any CPU
		{9ED5BA79-E7F1-4247-9956-F3908F2F87A2}.Debug|Any CPU.ActiveCfg = Debug|Any CPU
		{9ED5BA79-E7F1-4247-9956-F3908F2F87A2}.Debug|Any CPU.Build.0 = Debug|Any CPU
		{9ED5BA79-E7F1-4247-9956-F3908F2F87A2}.Release|Any CPU.ActiveCfg = Release|Any CPU
		{9ED5BA79-E7F1-4247-9956-F3908F2F87A2}.Release|Any CPU.Build.0 = Release|Any CPU
		{3E24E35E-05A1-4A29-8DA3-EC3E9A636D75}.Debug|Any CPU.ActiveCfg = Debug|Any CPU
		{3E24E35E-05A1-4A29-8DA3-EC3E9A636D75}.Debug|Any CPU.Build.0 = Debug|Any CPU
		{3E24E35E-05A1-4A29-8DA3-EC3E9A636D75}.Release|Any CPU.ActiveCfg = Release|Any CPU
		{3E24E35E-05A1-4A29-8DA3-EC3E9A636D75}.Release|Any CPU.Build.0 = Release|Any CPU
	EndGlobalSection
	GlobalSection(SolutionProperties) = preSolution
		HideSolutionNode = FALSE
	EndGlobalSection
	GlobalSection(NestedProjects) = preSolution
		{E44C0355-5194-49EF-A54E-4EAC9A385622} = {A0803F51-FC43-4216-B067-41B516965BA0}
		{9ED5BA79-E7F1-4247-9956-F3908F2F87A2} = {F1B5C8EA-DCBF-4A5F-819A-5E394F279AF9}
		{3E24E35E-05A1-4A29-8DA3-EC3E9A636D75} = {F1B5C8EA-DCBF-4A5F-819A-5E394F279AF9}
	EndGlobalSection
	GlobalSection(ExtensibilityGlobals) = postSolution
		SolutionGuid = {2E82BF37-8451-4819-BEF6-F9D9A2B48901}
	EndGlobalSection
EndGlobal
